// !$*UTF8*$!
{
	archiveVersion = 1;
	classes = {
	};
	objectVersion = 56;
	objects = {

/* Begin PBXBuildFile section */
		D615F7DE2C31D9A20079040E /* RegisterViewController.swift in Sources */ = {isa = PBXBuildFile; fileRef = D615F7DD2C31D9A20079040E /* RegisterViewController.swift */; };
		D6D10A862C33CED6002596F4 /* alertCreator.swift in Sources */ = {isa = PBXBuildFile; fileRef = D6D10A852C33CED6002596F4 /* alertCreator.swift */; };
		D6D110392C345B9900A22B9D /* DefectTests.swift in Sources */ = {isa = PBXBuildFile; fileRef = D6D110382C345B9900A22B9D /* DefectTests.swift */; };
		D6D1C6BE2C327FA300546C13 /* FirebaseAuth in Frameworks */ = {isa = PBXBuildFile; productRef = D6D1C6BD2C327FA300546C13 /* FirebaseAuth */; };
		D6D1C6C02C327FA300546C13 /* FirebaseFirestore in Frameworks */ = {isa = PBXBuildFile; productRef = D6D1C6BF2C327FA300546C13 /* FirebaseFirestore */; };
		D6D1C6C22C327FA300546C13 /* FirebaseStorage in Frameworks */ = {isa = PBXBuildFile; productRef = D6D1C6C12C327FA300546C13 /* FirebaseStorage */; };
		D6D1C6C42C328A1100546C13 /* DefectsListViewController.swift in Sources */ = {isa = PBXBuildFile; fileRef = D6D1C6C32C328A1100546C13 /* DefectsListViewController.swift */; };
		D6D1C6C72C328C8100546C13 /* DefectDataModel.swift in Sources */ = {isa = PBXBuildFile; fileRef = D6D1C6C62C328C8100546C13 /* DefectDataModel.swift */; };
		D6D1C6C92C3291B300546C13 /* PrimaryCell.swift in Sources */ = {isa = PBXBuildFile; fileRef = D6D1C6C82C3291B300546C13 /* PrimaryCell.swift */; };
		D6D1C6CB2C32AAE200546C13 /* LoginViewController.swift in Sources */ = {isa = PBXBuildFile; fileRef = D6D1C6CA2C32AAE200546C13 /* LoginViewController.swift */; };
		D6D1C6E72C32C57900546C13 /* DetectFaultViewController.swift in Sources */ = {isa = PBXBuildFile; fileRef = D6D1C6E62C32C57900546C13 /* DetectFaultViewController.swift */; };
		D6D5F5752C2E959F00B89441 /* AppDelegate.swift in Sources */ = {isa = PBXBuildFile; fileRef = D6D5F5742C2E959F00B89441 /* AppDelegate.swift */; };
		D6D5F5772C2E959F00B89441 /* SceneDelegate.swift in Sources */ = {isa = PBXBuildFile; fileRef = D6D5F5762C2E959F00B89441 /* SceneDelegate.swift */; };
		D6D5F5792C2E959F00B89441 /* ViewController.swift in Sources */ = {isa = PBXBuildFile; fileRef = D6D5F5782C2E959F00B89441 /* ViewController.swift */; };
		D6D5F57C2C2E959F00B89441 /* Base in Resources */ = {isa = PBXBuildFile; fileRef = D6D5F57B2C2E959F00B89441 /* Base */; };
		D6D5F57F2C2E959F00B89441 /* AirIndiaHangar.xcdatamodeld in Sources */ = {isa = PBXBuildFile; fileRef = D6D5F57D2C2E959F00B89441 /* AirIndiaHangar.xcdatamodeld */; };
		D6D5F5812C2E95A000B89441 /* Assets.xcassets in Resources */ = {isa = PBXBuildFile; fileRef = D6D5F5802C2E95A000B89441 /* Assets.xcassets */; };
		D6D5F5842C2E95A000B89441 /* Base in Resources */ = {isa = PBXBuildFile; fileRef = D6D5F5832C2E95A000B89441 /* Base */; };
		D6D5F58F2C2E95A000B89441 /* AirIndiaHangarTests.swift in Sources */ = {isa = PBXBuildFile; fileRef = D6D5F58E2C2E95A000B89441 /* AirIndiaHangarTests.swift */; };
		D6D5F5992C2E95A000B89441 /* AirIndiaHangarUITests.swift in Sources */ = {isa = PBXBuildFile; fileRef = D6D5F5982C2E95A000B89441 /* AirIndiaHangarUITests.swift */; };
		D6D5F59B2C2E95A000B89441 /* AirIndiaHangarUITestsLaunchTests.swift in Sources */ = {isa = PBXBuildFile; fileRef = D6D5F59A2C2E95A000B89441 /* AirIndiaHangarUITestsLaunchTests.swift */; };
		D6FCD34A2C313DE700DF26A4 /* GoogleService-Info.plist in Resources */ = {isa = PBXBuildFile; fileRef = D6FCD3492C313DE700DF26A4 /* GoogleService-Info.plist */; };
		D6FCD34D2C3145BE00DF26A4 /* FirebaseAnalytics in Frameworks */ = {isa = PBXBuildFile; productRef = D6FCD34C2C3145BE00DF26A4 /* FirebaseAnalytics */; };
/* End PBXBuildFile section */

/* Begin PBXContainerItemProxy section */
		D6D5F58B2C2E95A000B89441 /* PBXContainerItemProxy */ = {
			isa = PBXContainerItemProxy;
			containerPortal = D6D5F5692C2E959F00B89441 /* Project object */;
			proxyType = 1;
			remoteGlobalIDString = D6D5F5702C2E959F00B89441;
			remoteInfo = AirIndiaHangar;
		};
		D6D5F5952C2E95A000B89441 /* PBXContainerItemProxy */ = {
			isa = PBXContainerItemProxy;
			containerPortal = D6D5F5692C2E959F00B89441 /* Project object */;
			proxyType = 1;
			remoteGlobalIDString = D6D5F5702C2E959F00B89441;
			remoteInfo = AirIndiaHangar;
		};
/* End PBXContainerItemProxy section */

/* Begin PBXFileReference section */
		D615F7DD2C31D9A20079040E /* RegisterViewController.swift */ = {isa = PBXFileReference; lastKnownFileType = sourcecode.swift; path = RegisterViewController.swift; sourceTree = "<group>"; };
		D6D10A852C33CED6002596F4 /* alertCreator.swift */ = {isa = PBXFileReference; lastKnownFileType = sourcecode.swift; path = alertCreator.swift; sourceTree = "<group>"; };
		D6D110382C345B9900A22B9D /* DefectTests.swift */ = {isa = PBXFileReference; lastKnownFileType = sourcecode.swift; path = DefectTests.swift; sourceTree = "<group>"; };
		D6D1C6C32C328A1100546C13 /* DefectsListViewController.swift */ = {isa = PBXFileReference; lastKnownFileType = sourcecode.swift; path = DefectsListViewController.swift; sourceTree = "<group>"; };
		D6D1C6C62C328C8100546C13 /* DefectDataModel.swift */ = {isa = PBXFileReference; lastKnownFileType = sourcecode.swift; path = DefectDataModel.swift; sourceTree = "<group>"; };
		D6D1C6C82C3291B300546C13 /* PrimaryCell.swift */ = {isa = PBXFileReference; lastKnownFileType = sourcecode.swift; path = PrimaryCell.swift; sourceTree = "<group>"; };
		D6D1C6CA2C32AAE200546C13 /* LoginViewController.swift */ = {isa = PBXFileReference; lastKnownFileType = sourcecode.swift; path = LoginViewController.swift; sourceTree = "<group>"; };
		D6D1C6E62C32C57900546C13 /* DetectFaultViewController.swift */ = {isa = PBXFileReference; lastKnownFileType = sourcecode.swift; path = DetectFaultViewController.swift; sourceTree = "<group>"; };
		D6D5F5712C2E959F00B89441 /* AirIndiaHangar.app */ = {isa = PBXFileReference; explicitFileType = wrapper.application; includeInIndex = 0; path = AirIndiaHangar.app; sourceTree = BUILT_PRODUCTS_DIR; };
		D6D5F5742C2E959F00B89441 /* AppDelegate.swift */ = {isa = PBXFileReference; lastKnownFileType = sourcecode.swift; path = AppDelegate.swift; sourceTree = "<group>"; };
		D6D5F5762C2E959F00B89441 /* SceneDelegate.swift */ = {isa = PBXFileReference; lastKnownFileType = sourcecode.swift; path = SceneDelegate.swift; sourceTree = "<group>"; };
		D6D5F5782C2E959F00B89441 /* ViewController.swift */ = {isa = PBXFileReference; lastKnownFileType = sourcecode.swift; path = ViewController.swift; sourceTree = "<group>"; };
		D6D5F57B2C2E959F00B89441 /* Base */ = {isa = PBXFileReference; lastKnownFileType = file.storyboard; name = Base; path = Base.lproj/Main.storyboard; sourceTree = "<group>"; };
		D6D5F57E2C2E959F00B89441 /* AirIndiaHangar.xcdatamodel */ = {isa = PBXFileReference; lastKnownFileType = wrapper.xcdatamodel; path = AirIndiaHangar.xcdatamodel; sourceTree = "<group>"; };
		D6D5F5802C2E95A000B89441 /* Assets.xcassets */ = {isa = PBXFileReference; lastKnownFileType = folder.assetcatalog; path = Assets.xcassets; sourceTree = "<group>"; };
		D6D5F5832C2E95A000B89441 /* Base */ = {isa = PBXFileReference; lastKnownFileType = file.storyboard; name = Base; path = Base.lproj/LaunchScreen.storyboard; sourceTree = "<group>"; };
		D6D5F5852C2E95A000B89441 /* Info.plist */ = {isa = PBXFileReference; lastKnownFileType = text.plist.xml; path = Info.plist; sourceTree = "<group>"; };
		D6D5F58A2C2E95A000B89441 /* AirIndiaHangarTests.xctest */ = {isa = PBXFileReference; explicitFileType = wrapper.cfbundle; includeInIndex = 0; path = AirIndiaHangarTests.xctest; sourceTree = BUILT_PRODUCTS_DIR; };
		D6D5F58E2C2E95A000B89441 /* AirIndiaHangarTests.swift */ = {isa = PBXFileReference; lastKnownFileType = sourcecode.swift; path = AirIndiaHangarTests.swift; sourceTree = "<group>"; };
		D6D5F5942C2E95A000B89441 /* AirIndiaHangarUITests.xctest */ = {isa = PBXFileReference; explicitFileType = wrapper.cfbundle; includeInIndex = 0; path = AirIndiaHangarUITests.xctest; sourceTree = BUILT_PRODUCTS_DIR; };
		D6D5F5982C2E95A000B89441 /* AirIndiaHangarUITests.swift */ = {isa = PBXFileReference; lastKnownFileType = sourcecode.swift; path = AirIndiaHangarUITests.swift; sourceTree = "<group>"; };
		D6D5F59A2C2E95A000B89441 /* AirIndiaHangarUITestsLaunchTests.swift */ = {isa = PBXFileReference; lastKnownFileType = sourcecode.swift; path = AirIndiaHangarUITestsLaunchTests.swift; sourceTree = "<group>"; };
		D6FCD3492C313DE700DF26A4 /* GoogleService-Info.plist */ = {isa = PBXFileReference; fileEncoding = 4; lastKnownFileType = text.plist.xml; path = "GoogleService-Info.plist"; sourceTree = "<group>"; };
/* End PBXFileReference section */

/* Begin PBXFrameworksBuildPhase section */
		D6D5F56E2C2E959F00B89441 /* Frameworks */ = {
			isa = PBXFrameworksBuildPhase;
			buildActionMask = 2147483647;
			files = (
				D6FCD34D2C3145BE00DF26A4 /* FirebaseAnalytics in Frameworks */,
				D6D1C6C22C327FA300546C13 /* FirebaseStorage in Frameworks */,
				D6D1C6BE2C327FA300546C13 /* FirebaseAuth in Frameworks */,
				D6D1C6C02C327FA300546C13 /* FirebaseFirestore in Frameworks */,
			);
			runOnlyForDeploymentPostprocessing = 0;
		};
		D6D5F5872C2E95A000B89441 /* Frameworks */ = {
			isa = PBXFrameworksBuildPhase;
			buildActionMask = 2147483647;
			files = (
			);
			runOnlyForDeploymentPostprocessing = 0;
		};
		D6D5F5912C2E95A000B89441 /* Frameworks */ = {
			isa = PBXFrameworksBuildPhase;
			buildActionMask = 2147483647;
			files = (
			);
			runOnlyForDeploymentPostprocessing = 0;
		};
/* End PBXFrameworksBuildPhase section */

/* Begin PBXGroup section */
		D6D1C6C52C328C6500546C13 /* Model */ = {
			isa = PBXGroup;
			children = (
				D6D1C6C62C328C8100546C13 /* DefectDataModel.swift */,
				D6D10A852C33CED6002596F4 /* alertCreator.swift */,
			);
			path = Model;
			sourceTree = "<group>";
		};
		D6D5F5682C2E959F00B89441 = {
			isa = PBXGroup;
			children = (
				D6D5F5732C2E959F00B89441 /* AirIndiaHangar */,
				D6D5F58D2C2E95A000B89441 /* AirIndiaHangarTests */,
				D6D5F5972C2E95A000B89441 /* AirIndiaHangarUITests */,
				D6D5F5722C2E959F00B89441 /* Products */,
			);
			sourceTree = "<group>";
		};
		D6D5F5722C2E959F00B89441 /* Products */ = {
			isa = PBXGroup;
			children = (
				D6D5F5712C2E959F00B89441 /* AirIndiaHangar.app */,
				D6D5F58A2C2E95A000B89441 /* AirIndiaHangarTests.xctest */,
				D6D5F5942C2E95A000B89441 /* AirIndiaHangarUITests.xctest */,
			);
			name = Products;
			sourceTree = "<group>";
		};
		D6D5F5732C2E959F00B89441 /* AirIndiaHangar */ = {
			isa = PBXGroup;
			children = (
				D6F7BBB52C3431F40017DE2C /* Controller */,
				D6F7BBB42C3430FF0017DE2C /* View */,
				D6D1C6C52C328C6500546C13 /* Model */,
				D6D5F5742C2E959F00B89441 /* AppDelegate.swift */,
				D6D5F5762C2E959F00B89441 /* SceneDelegate.swift */,
				D6D5F5802C2E95A000B89441 /* Assets.xcassets */,
				D6D5F5822C2E95A000B89441 /* LaunchScreen.storyboard */,
				D6D5F5852C2E95A000B89441 /* Info.plist */,
				D6FCD3492C313DE700DF26A4 /* GoogleService-Info.plist */,
				D6D5F57D2C2E959F00B89441 /* AirIndiaHangar.xcdatamodeld */,
			);
			path = AirIndiaHangar;
			sourceTree = "<group>";
		};
		D6D5F58D2C2E95A000B89441 /* AirIndiaHangarTests */ = {
			isa = PBXGroup;
			children = (
				D6D5F58E2C2E95A000B89441 /* AirIndiaHangarTests.swift */,
				D6D110382C345B9900A22B9D /* DefectTests.swift */,
			);
			path = AirIndiaHangarTests;
			sourceTree = "<group>";
		};
		D6D5F5972C2E95A000B89441 /* AirIndiaHangarUITests */ = {
			isa = PBXGroup;
			children = (
				D6D5F5982C2E95A000B89441 /* AirIndiaHangarUITests.swift */,
				D6D5F59A2C2E95A000B89441 /* AirIndiaHangarUITestsLaunchTests.swift */,
			);
			path = AirIndiaHangarUITests;
			sourceTree = "<group>";
		};
		D6F7BBB42C3430FF0017DE2C /* View */ = {
			isa = PBXGroup;
			children = (
				D6D5F57A2C2E959F00B89441 /* Main.storyboard */,
				D6D1C6C82C3291B300546C13 /* PrimaryCell.swift */,
			);
			path = View;
			sourceTree = "<group>";
		};
		D6F7BBB52C3431F40017DE2C /* Controller */ = {
			isa = PBXGroup;
			children = (
				D6D5F5782C2E959F00B89441 /* ViewController.swift */,
				D6D1C6E62C32C57900546C13 /* DetectFaultViewController.swift */,
				D6D1C6CA2C32AAE200546C13 /* LoginViewController.swift */,
				D6D1C6C32C328A1100546C13 /* DefectsListViewController.swift */,
				D615F7DD2C31D9A20079040E /* RegisterViewController.swift */,
			);
			path = Controller;
			sourceTree = "<group>";
		};
/* End PBXGroup section */

/* Begin PBXNativeTarget section */
		D6D5F5702C2E959F00B89441 /* AirIndiaHangar */ = {
			isa = PBXNativeTarget;
			buildConfigurationList = D6D5F59E2C2E95A000B89441 /* Build configuration list for PBXNativeTarget "AirIndiaHangar" */;
			buildPhases = (
				D6D5F56D2C2E959F00B89441 /* Sources */,
				D6D5F56E2C2E959F00B89441 /* Frameworks */,
				D6D5F56F2C2E959F00B89441 /* Resources */,
			);
			buildRules = (
			);
			dependencies = (
			);
			name = AirIndiaHangar;
			packageProductDependencies = (
				D6FCD34C2C3145BE00DF26A4 /* FirebaseAnalytics */,
				D6D1C6BD2C327FA300546C13 /* FirebaseAuth */,
				D6D1C6BF2C327FA300546C13 /* FirebaseFirestore */,
				D6D1C6C12C327FA300546C13 /* FirebaseStorage */,
			);
			productName = AirIndiaHangar;
			productReference = D6D5F5712C2E959F00B89441 /* AirIndiaHangar.app */;
			productType = "com.apple.product-type.application";
		};
		D6D5F5892C2E95A000B89441 /* AirIndiaHangarTests */ = {
			isa = PBXNativeTarget;
			buildConfigurationList = D6D5F5A12C2E95A000B89441 /* Build configuration list for PBXNativeTarget "AirIndiaHangarTests" */;
			buildPhases = (
				D6D5F5862C2E95A000B89441 /* Sources */,
				D6D5F5872C2E95A000B89441 /* Frameworks */,
				D6D5F5882C2E95A000B89441 /* Resources */,
			);
			buildRules = (
			);
			dependencies = (
				D6D5F58C2C2E95A000B89441 /* PBXTargetDependency */,
			);
			name = AirIndiaHangarTests;
			productName = AirIndiaHangarTests;
			productReference = D6D5F58A2C2E95A000B89441 /* AirIndiaHangarTests.xctest */;
			productType = "com.apple.product-type.bundle.unit-test";
		};
		D6D5F5932C2E95A000B89441 /* AirIndiaHangarUITests */ = {
			isa = PBXNativeTarget;
			buildConfigurationList = D6D5F5A42C2E95A000B89441 /* Build configuration list for PBXNativeTarget "AirIndiaHangarUITests" */;
			buildPhases = (
				D6D5F5902C2E95A000B89441 /* Sources */,
				D6D5F5912C2E95A000B89441 /* Frameworks */,
				D6D5F5922C2E95A000B89441 /* Resources */,
			);
			buildRules = (
			);
			dependencies = (
				D6D5F5962C2E95A000B89441 /* PBXTargetDependency */,
			);
			name = AirIndiaHangarUITests;
			productName = AirIndiaHangarUITests;
			productReference = D6D5F5942C2E95A000B89441 /* AirIndiaHangarUITests.xctest */;
			productType = "com.apple.product-type.bundle.ui-testing";
		};
/* End PBXNativeTarget section */

/* Begin PBXProject section */
		D6D5F5692C2E959F00B89441 /* Project object */ = {
			isa = PBXProject;
			attributes = {
				BuildIndependentTargetsInParallel = 1;
				LastSwiftUpdateCheck = 1540;
				LastUpgradeCheck = 1540;
				TargetAttributes = {
					D6D5F5702C2E959F00B89441 = {
						CreatedOnToolsVersion = 15.4;
					};
					D6D5F5892C2E95A000B89441 = {
						CreatedOnToolsVersion = 15.4;
						TestTargetID = D6D5F5702C2E959F00B89441;
					};
					D6D5F5932C2E95A000B89441 = {
						CreatedOnToolsVersion = 15.4;
						TestTargetID = D6D5F5702C2E959F00B89441;
					};
				};
			};
			buildConfigurationList = D6D5F56C2C2E959F00B89441 /* Build configuration list for PBXProject "AirIndiaHangar" */;
			compatibilityVersion = "Xcode 14.0";
			developmentRegion = en;
			hasScannedForEncodings = 0;
			knownRegions = (
				en,
				Base,
			);
			mainGroup = D6D5F5682C2E959F00B89441;
			packageReferences = (
				D6FCD34B2C3145BE00DF26A4 /* XCRemoteSwiftPackageReference "firebase-ios-sdk" */,
			);
			productRefGroup = D6D5F5722C2E959F00B89441 /* Products */;
			projectDirPath = "";
			projectRoot = "";
			targets = (
				D6D5F5702C2E959F00B89441 /* AirIndiaHangar */,
				D6D5F5892C2E95A000B89441 /* AirIndiaHangarTests */,
				D6D5F5932C2E95A000B89441 /* AirIndiaHangarUITests */,
			);
		};
/* End PBXProject section */

/* Begin PBXResourcesBuildPhase section */
		D6D5F56F2C2E959F00B89441 /* Resources */ = {
			isa = PBXResourcesBuildPhase;
			buildActionMask = 2147483647;
			files = (
				D6D5F5812C2E95A000B89441 /* Assets.xcassets in Resources */,
				D6FCD34A2C313DE700DF26A4 /* GoogleService-Info.plist in Resources */,
				D6D5F5842C2E95A000B89441 /* Base in Resources */,
				D6D5F57C2C2E959F00B89441 /* Base in Resources */,
			);
			runOnlyForDeploymentPostprocessing = 0;
		};
		D6D5F5882C2E95A000B89441 /* Resources */ = {
			isa = PBXResourcesBuildPhase;
			buildActionMask = 2147483647;
			files = (
			);
			runOnlyForDeploymentPostprocessing = 0;
		};
		D6D5F5922C2E95A000B89441 /* Resources */ = {
			isa = PBXResourcesBuildPhase;
			buildActionMask = 2147483647;
			files = (
			);
			runOnlyForDeploymentPostprocessing = 0;
		};
/* End PBXResourcesBuildPhase section */

/* Begin PBXSourcesBuildPhase section */
		D6D5F56D2C2E959F00B89441 /* Sources */ = {
			isa = PBXSourcesBuildPhase;
			buildActionMask = 2147483647;
			files = (
				D6D1C6CB2C32AAE200546C13 /* LoginViewController.swift in Sources */,
				D6D1C6C92C3291B300546C13 /* PrimaryCell.swift in Sources */,
				D6D5F5792C2E959F00B89441 /* ViewController.swift in Sources */,
				D6D1C6C42C328A1100546C13 /* DefectsListViewController.swift in Sources */,
				D615F7DE2C31D9A20079040E /* RegisterViewController.swift in Sources */,
				D6D1C6C72C328C8100546C13 /* DefectDataModel.swift in Sources */,
				D6D1C6E72C32C57900546C13 /* DetectFaultViewController.swift in Sources */,
				D6D5F57F2C2E959F00B89441 /* AirIndiaHangar.xcdatamodeld in Sources */,
				D6D5F5752C2E959F00B89441 /* AppDelegate.swift in Sources */,
				D6D10A862C33CED6002596F4 /* alertCreator.swift in Sources */,
				D6D5F5772C2E959F00B89441 /* SceneDelegate.swift in Sources */,
			);
			runOnlyForDeploymentPostprocessing = 0;
		};
		D6D5F5862C2E95A000B89441 /* Sources */ = {
			isa = PBXSourcesBuildPhase;
			buildActionMask = 2147483647;
			files = (
				D6D110392C345B9900A22B9D /* DefectTests.swift in Sources */,
				D6D5F58F2C2E95A000B89441 /* AirIndiaHangarTests.swift in Sources */,
			);
			runOnlyForDeploymentPostprocessing = 0;
		};
		D6D5F5902C2E95A000B89441 /* Sources */ = {
			isa = PBXSourcesBuildPhase;
			buildActionMask = 2147483647;
			files = (
				D6D5F59B2C2E95A000B89441 /* AirIndiaHangarUITestsLaunchTests.swift in Sources */,
				D6D5F5992C2E95A000B89441 /* AirIndiaHangarUITests.swift in Sources */,
			);
			runOnlyForDeploymentPostprocessing = 0;
		};
/* End PBXSourcesBuildPhase section */

/* Begin PBXTargetDependency section */
		D6D5F58C2C2E95A000B89441 /* PBXTargetDependency */ = {
			isa = PBXTargetDependency;
			target = D6D5F5702C2E959F00B89441 /* AirIndiaHangar */;
			targetProxy = D6D5F58B2C2E95A000B89441 /* PBXContainerItemProxy */;
		};
		D6D5F5962C2E95A000B89441 /* PBXTargetDependency */ = {
			isa = PBXTargetDependency;
			target = D6D5F5702C2E959F00B89441 /* AirIndiaHangar */;
			targetProxy = D6D5F5952C2E95A000B89441 /* PBXContainerItemProxy */;
		};
/* End PBXTargetDependency section */

/* Begin PBXVariantGroup section */
		D6D5F57A2C2E959F00B89441 /* Main.storyboard */ = {
			isa = PBXVariantGroup;
			children = (
				D6D5F57B2C2E959F00B89441 /* Base */,
			);
			name = Main.storyboard;
			sourceTree = "<group>";
		};
		D6D5F5822C2E95A000B89441 /* LaunchScreen.storyboard */ = {
			isa = PBXVariantGroup;
			children = (
				D6D5F5832C2E95A000B89441 /* Base */,
			);
			name = LaunchScreen.storyboard;
			sourceTree = "<group>";
		};
/* End PBXVariantGroup section */

/* Begin XCBuildConfiguration section */
		D6D5F59C2C2E95A000B89441 /* Debug */ = {
			isa = XCBuildConfiguration;
			buildSettings = {
				ALWAYS_SEARCH_USER_PATHS = NO;
				ASSETCATALOG_COMPILER_GENERATE_SWIFT_ASSET_SYMBOL_EXTENSIONS = YES;
				CLANG_ANALYZER_NONNULL = YES;
				CLANG_ANALYZER_NUMBER_OBJECT_CONVERSION = YES_AGGRESSIVE;
				CLANG_CXX_LANGUAGE_STANDARD = "gnu++20";
				CLANG_ENABLE_MODULES = YES;
				CLANG_ENABLE_OBJC_ARC = YES;
				CLANG_ENABLE_OBJC_WEAK = YES;
				CLANG_WARN_BLOCK_CAPTURE_AUTORELEASING = YES;
				CLANG_WARN_BOOL_CONVERSION = YES;
				CLANG_WARN_COMMA = YES;
				CLANG_WARN_CONSTANT_CONVERSION = YES;
				CLANG_WARN_DEPRECATED_OBJC_IMPLEMENTATIONS = YES;
				CLANG_WARN_DIRECT_OBJC_ISA_USAGE = YES_ERROR;
				CLANG_WARN_DOCUMENTATION_COMMENTS = YES;
				CLANG_WARN_EMPTY_BODY = YES;
				CLANG_WARN_ENUM_CONVERSION = YES;
				CLANG_WARN_INFINITE_RECURSION = YES;
				CLANG_WARN_INT_CONVERSION = YES;
				CLANG_WARN_NON_LITERAL_NULL_CONVERSION = YES;
				CLANG_WARN_OBJC_IMPLICIT_RETAIN_SELF = YES;
				CLANG_WARN_OBJC_LITERAL_CONVERSION = YES;
				CLANG_WARN_OBJC_ROOT_CLASS = YES_ERROR;
				CLANG_WARN_QUOTED_INCLUDE_IN_FRAMEWORK_HEADER = YES;
				CLANG_WARN_RANGE_LOOP_ANALYSIS = YES;
				CLANG_WARN_STRICT_PROTOTYPES = YES;
				CLANG_WARN_SUSPICIOUS_MOVE = YES;
				CLANG_WARN_UNGUARDED_AVAILABILITY = YES_AGGRESSIVE;
				CLANG_WARN_UNREACHABLE_CODE = YES;
				CLANG_WARN__DUPLICATE_METHOD_MATCH = YES;
				COPY_PHASE_STRIP = NO;
				DEBUG_INFORMATION_FORMAT = dwarf;
				ENABLE_STRICT_OBJC_MSGSEND = YES;
				ENABLE_TESTABILITY = YES;
				ENABLE_USER_SCRIPT_SANDBOXING = YES;
				GCC_C_LANGUAGE_STANDARD = gnu17;
				GCC_DYNAMIC_NO_PIC = NO;
				GCC_NO_COMMON_BLOCKS = YES;
				GCC_OPTIMIZATION_LEVEL = 0;
				GCC_PREPROCESSOR_DEFINITIONS = (
					"DEBUG=1",
					"$(inherited)",
				);
				GCC_WARN_64_TO_32_BIT_CONVERSION = YES;
				GCC_WARN_ABOUT_RETURN_TYPE = YES_ERROR;
				GCC_WARN_UNDECLARED_SELECTOR = YES;
				GCC_WARN_UNINITIALIZED_AUTOS = YES_AGGRESSIVE;
				GCC_WARN_UNUSED_FUNCTION = YES;
				GCC_WARN_UNUSED_VARIABLE = YES;
				IPHONEOS_DEPLOYMENT_TARGET = 17.5;
				LOCALIZATION_PREFERS_STRING_CATALOGS = YES;
				MTL_ENABLE_DEBUG_INFO = INCLUDE_SOURCE;
				MTL_FAST_MATH = YES;
				ONLY_ACTIVE_ARCH = YES;
				SDKROOT = iphoneos;
				SWIFT_ACTIVE_COMPILATION_CONDITIONS = "DEBUG $(inherited)";
				SWIFT_OPTIMIZATION_LEVEL = "-Onone";
			};
			name = Debug;
		};
		D6D5F59D2C2E95A000B89441 /* Release */ = {
			isa = XCBuildConfiguration;
			buildSettings = {
				ALWAYS_SEARCH_USER_PATHS = NO;
				ASSETCATALOG_COMPILER_GENERATE_SWIFT_ASSET_SYMBOL_EXTENSIONS = YES;
				CLANG_ANALYZER_NONNULL = YES;
				CLANG_ANALYZER_NUMBER_OBJECT_CONVERSION = YES_AGGRESSIVE;
				CLANG_CXX_LANGUAGE_STANDARD = "gnu++20";
				CLANG_ENABLE_MODULES = YES;
				CLANG_ENABLE_OBJC_ARC = YES;
				CLANG_ENABLE_OBJC_WEAK = YES;
				CLANG_WARN_BLOCK_CAPTURE_AUTORELEASING = YES;
				CLANG_WARN_BOOL_CONVERSION = YES;
				CLANG_WARN_COMMA = YES;
				CLANG_WARN_CONSTANT_CONVERSION = YES;
				CLANG_WARN_DEPRECATED_OBJC_IMPLEMENTATIONS = YES;
				CLANG_WARN_DIRECT_OBJC_ISA_USAGE = YES_ERROR;
				CLANG_WARN_DOCUMENTATION_COMMENTS = YES;
				CLANG_WARN_EMPTY_BODY = YES;
				CLANG_WARN_ENUM_CONVERSION = YES;
				CLANG_WARN_INFINITE_RECURSION = YES;
				CLANG_WARN_INT_CONVERSION = YES;
				CLANG_WARN_NON_LITERAL_NULL_CONVERSION = YES;
				CLANG_WARN_OBJC_IMPLICIT_RETAIN_SELF = YES;
				CLANG_WARN_OBJC_LITERAL_CONVERSION = YES;
				CLANG_WARN_OBJC_ROOT_CLASS = YES_ERROR;
				CLANG_WARN_QUOTED_INCLUDE_IN_FRAMEWORK_HEADER = YES;
				CLANG_WARN_RANGE_LOOP_ANALYSIS = YES;
				CLANG_WARN_STRICT_PROTOTYPES = YES;
				CLANG_WARN_SUSPICIOUS_MOVE = YES;
				CLANG_WARN_UNGUARDED_AVAILABILITY = YES_AGGRESSIVE;
				CLANG_WARN_UNREACHABLE_CODE = YES;
				CLANG_WARN__DUPLICATE_METHOD_MATCH = YES;
				COPY_PHASE_STRIP = NO;
				DEBUG_INFORMATION_FORMAT = "dwarf-with-dsym";
				ENABLE_NS_ASSERTIONS = NO;
				ENABLE_STRICT_OBJC_MSGSEND = YES;
				ENABLE_USER_SCRIPT_SANDBOXING = YES;
				GCC_C_LANGUAGE_STANDARD = gnu17;
				GCC_NO_COMMON_BLOCKS = YES;
				GCC_WARN_64_TO_32_BIT_CONVERSION = YES;
				GCC_WARN_ABOUT_RETURN_TYPE = YES_ERROR;
				GCC_WARN_UNDECLARED_SELECTOR = YES;
				GCC_WARN_UNINITIALIZED_AUTOS = YES_AGGRESSIVE;
				GCC_WARN_UNUSED_FUNCTION = YES;
				GCC_WARN_UNUSED_VARIABLE = YES;
				IPHONEOS_DEPLOYMENT_TARGET = 17.5;
				LOCALIZATION_PREFERS_STRING_CATALOGS = YES;
				MTL_ENABLE_DEBUG_INFO = NO;
				MTL_FAST_MATH = YES;
				SDKROOT = iphoneos;
				SWIFT_COMPILATION_MODE = wholemodule;
				VALIDATE_PRODUCT = YES;
			};
			name = Release;
		};
		D6D5F59F2C2E95A000B89441 /* Debug */ = {
			isa = XCBuildConfiguration;
			buildSettings = {
				ASSETCATALOG_COMPILER_APPICON_NAME = AppIcon;
				ASSETCATALOG_COMPILER_GLOBAL_ACCENT_COLOR_NAME = AccentColor;
				CODE_SIGN_STYLE = Automatic;
				CURRENT_PROJECT_VERSION = 1;
				DEVELOPMENT_TEAM = G4C3VCJCU3;
				GENERATE_INFOPLIST_FILE = YES;
				INFOPLIST_FILE = AirIndiaHangar/Info.plist;
				INFOPLIST_KEY_UIApplicationSupportsIndirectInputEvents = YES;
				INFOPLIST_KEY_UILaunchStoryboardName = LaunchScreen;
				INFOPLIST_KEY_UIMainStoryboardFile = Main;
				INFOPLIST_KEY_UISupportedInterfaceOrientations_iPad = "UIInterfaceOrientationPortrait UIInterfaceOrientationPortraitUpsideDown UIInterfaceOrientationLandscapeLeft UIInterfaceOrientationLandscapeRight";
				INFOPLIST_KEY_UISupportedInterfaceOrientations_iPhone = "UIInterfaceOrientationPortrait UIInterfaceOrientationLandscapeLeft UIInterfaceOrientationLandscapeRight";
				LD_RUNPATH_SEARCH_PATHS = (
					"$(inherited)",
					"@executable_path/Frameworks",
				);
				MARKETING_VERSION = 1.0;
				PRODUCT_BUNDLE_IDENTIFIER = com.AyushBhople.AirIndiaHangar;
				PRODUCT_NAME = "$(TARGET_NAME)";
				SWIFT_EMIT_LOC_STRINGS = YES;
				SWIFT_VERSION = 5.0;
				TARGETED_DEVICE_FAMILY = "1,2";
			};
			name = Debug;
		};
		D6D5F5A02C2E95A000B89441 /* Release */ = {
			isa = XCBuildConfiguration;
			buildSettings = {
				ASSETCATALOG_COMPILER_APPICON_NAME = AppIcon;
				ASSETCATALOG_COMPILER_GLOBAL_ACCENT_COLOR_NAME = AccentColor;
				CODE_SIGN_STYLE = Automatic;
				CURRENT_PROJECT_VERSION = 1;
				DEVELOPMENT_TEAM = G4C3VCJCU3;
				GENERATE_INFOPLIST_FILE = YES;
				INFOPLIST_FILE = AirIndiaHangar/Info.plist;
				INFOPLIST_KEY_UIApplicationSupportsIndirectInputEvents = YES;
				INFOPLIST_KEY_UILaunchStoryboardName = LaunchScreen;
				INFOPLIST_KEY_UIMainStoryboardFile = Main;
				INFOPLIST_KEY_UISupportedInterfaceOrientations_iPad = "UIInterfaceOrientationPortrait UIInterfaceOrientationPortraitUpsideDown UIInterfaceOrientationLandscapeLeft UIInterfaceOrientationLandscapeRight";
				INFOPLIST_KEY_UISupportedInterfaceOrientations_iPhone = "UIInterfaceOrientationPortrait UIInterfaceOrientationLandscapeLeft UIInterfaceOrientationLandscapeRight";
				LD_RUNPATH_SEARCH_PATHS = (
					"$(inherited)",
					"@executable_path/Frameworks",
				);
				MARKETING_VERSION = 1.0;
				PRODUCT_BUNDLE_IDENTIFIER = com.AyushBhople.AirIndiaHangar;
				PRODUCT_NAME = "$(TARGET_NAME)";
				SWIFT_EMIT_LOC_STRINGS = YES;
				SWIFT_VERSION = 5.0;
				TARGETED_DEVICE_FAMILY = "1,2";
			};
			name = Release;
		};
		D6D5F5A22C2E95A000B89441 /* Debug */ = {
			isa = XCBuildConfiguration;
			buildSettings = {
				ALWAYS_EMBED_SWIFT_STANDARD_LIBRARIES = YES;
				BUNDLE_LOADER = "$(TEST_HOST)";
				CODE_SIGN_STYLE = Automatic;
				CURRENT_PROJECT_VERSION = 1;
				DEVELOPMENT_TEAM = G4C3VCJCU3;
				GENERATE_INFOPLIST_FILE = YES;
				IPHONEOS_DEPLOYMENT_TARGET = 17.5;
				MARKETING_VERSION = 1.0;
				PRODUCT_BUNDLE_IDENTIFIER = com.AyushBhople.AirIndiaHangarTests;
				PRODUCT_NAME = "$(TARGET_NAME)";
				SWIFT_EMIT_LOC_STRINGS = NO;
				SWIFT_VERSION = 5.0;
				TARGETED_DEVICE_FAMILY = "1,2";
				TEST_HOST = "$(BUILT_PRODUCTS_DIR)/AirIndiaHangar.app/$(BUNDLE_EXECUTABLE_FOLDER_PATH)/AirIndiaHangar";
			};
			name = Debug;
		};
		D6D5F5A32C2E95A000B89441 /* Release */ = {
			isa = XCBuildConfiguration;
			buildSettings = {
				ALWAYS_EMBED_SWIFT_STANDARD_LIBRARIES = YES;
				BUNDLE_LOADER = "$(TEST_HOST)";
				CODE_SIGN_STYLE = Automatic;
				CURRENT_PROJECT_VERSION = 1;
				DEVELOPMENT_TEAM = G4C3VCJCU3;
				GENERATE_INFOPLIST_FILE = YES;
				IPHONEOS_DEPLOYMENT_TARGET = 17.5;
				MARKETING_VERSION = 1.0;
				PRODUCT_BUNDLE_IDENTIFIER = com.AyushBhople.AirIndiaHangarTests;
				PRODUCT_NAME = "$(TARGET_NAME)";
				SWIFT_EMIT_LOC_STRINGS = NO;
				SWIFT_VERSION = 5.0;
				TARGETED_DEVICE_FAMILY = "1,2";
				TEST_HOST = "$(BUILT_PRODUCTS_DIR)/AirIndiaHangar.app/$(BUNDLE_EXECUTABLE_FOLDER_PATH)/AirIndiaHangar";
			};
			name = Release;
		};
		D6D5F5A52C2E95A000B89441 /* Debug */ = {
			isa = XCBuildConfiguration;
			buildSettings = {
				ALWAYS_EMBED_SWIFT_STANDARD_LIBRARIES = YES;
				CODE_SIGN_STYLE = Automatic;
				CURRENT_PROJECT_VERSION = 1;
				DEVELOPMENT_TEAM = G4C3VCJCU3;
				GENERATE_INFOPLIST_FILE = YES;
				MARKETING_VERSION = 1.0;
				PRODUCT_BUNDLE_IDENTIFIER = com.AyushBhople.AirIndiaHangarUITests;
				PRODUCT_NAME = "$(TARGET_NAME)";
				SWIFT_EMIT_LOC_STRINGS = NO;
				SWIFT_VERSION = 5.0;
				TARGETED_DEVICE_FAMILY = "1,2";
				TEST_TARGET_NAME = AirIndiaHangar;
			};
			name = Debug;
		};
		D6D5F5A62C2E95A000B89441 /* Release */ = {
			isa = XCBuildConfiguration;
			buildSettings = {
				ALWAYS_EMBED_SWIFT_STANDARD_LIBRARIES = YES;
				CODE_SIGN_STYLE = Automatic;
				CURRENT_PROJECT_VERSION = 1;
				DEVELOPMENT_TEAM = G4C3VCJCU3;
				GENERATE_INFOPLIST_FILE = YES;
				MARKETING_VERSION = 1.0;
				PRODUCT_BUNDLE_IDENTIFIER = com.AyushBhople.AirIndiaHangarUITests;
				PRODUCT_NAME = "$(TARGET_NAME)";
				SWIFT_EMIT_LOC_STRINGS = NO;
				SWIFT_VERSION = 5.0;
				TARGETED_DEVICE_FAMILY = "1,2";
				TEST_TARGET_NAME = AirIndiaHangar;
			};
			name = Release;
		};
/* End XCBuildConfiguration section */

/* Begin XCConfigurationList section */
		D6D5F56C2C2E959F00B89441 /* Build configuration list for PBXProject "AirIndiaHangar" */ = {
			isa = XCConfigurationList;
			buildConfigurations = (
				D6D5F59C2C2E95A000B89441 /* Debug */,
				D6D5F59D2C2E95A000B89441 /* Release */,
			);
			defaultConfigurationIsVisible = 0;
			defaultConfigurationName = Release;
		};
		D6D5F59E2C2E95A000B89441 /* Build configuration list for PBXNativeTarget "AirIndiaHangar" */ = {
			isa = XCConfigurationList;
			buildConfigurations = (
				D6D5F59F2C2E95A000B89441 /* Debug */,
				D6D5F5A02C2E95A000B89441 /* Release */,
			);
			defaultConfigurationIsVisible = 0;
			defaultConfigurationName = Release;
		};
		D6D5F5A12C2E95A000B89441 /* Build configuration list for PBXNativeTarget "AirIndiaHangarTests" */ = {
			isa = XCConfigurationList;
			buildConfigurations = (
				D6D5F5A22C2E95A000B89441 /* Debug */,
				D6D5F5A32C2E95A000B89441 /* Release */,
			);
			defaultConfigurationIsVisible = 0;
			defaultConfigurationName = Release;
		};
		D6D5F5A42C2E95A000B89441 /* Build configuration list for PBXNativeTarget "AirIndiaHangarUITests" */ = {
			isa = XCConfigurationList;
			buildConfigurations = (
				D6D5F5A52C2E95A000B89441 /* Debug */,
				D6D5F5A62C2E95A000B89441 /* Release */,
			);
			defaultConfigurationIsVisible = 0;
			defaultConfigurationName = Release;
		};
/* End XCConfigurationList section */

/* Begin XCRemoteSwiftPackageReference section */
		D6FCD34B2C3145BE00DF26A4 /* XCRemoteSwiftPackageReference "firebase-ios-sdk" */ = {
			isa = XCRemoteSwiftPackageReference;
			repositoryURL = "https://github.com/firebase/firebase-ios-sdk";
			requirement = {
				kind = upToNextMajorVersion;
				minimumVersion = 10.28.1;
			};
		};
/* End XCRemoteSwiftPackageReference section */

/* Begin XCSwiftPackageProductDependency section */
		D6D1C6BD2C327FA300546C13 /* FirebaseAuth */ = {
			isa = XCSwiftPackageProductDependency;
			package = D6FCD34B2C3145BE00DF26A4 /* XCRemoteSwiftPackageReference "firebase-ios-sdk" */;
			productName = FirebaseAuth;
		};
		D6D1C6BF2C327FA300546C13 /* FirebaseFirestore */ = {
			isa = XCSwiftPackageProductDependency;
			package = D6FCD34B2C3145BE00DF26A4 /* XCRemoteSwiftPackageReference "firebase-ios-sdk" */;
			productName = FirebaseFirestore;
		};
		D6D1C6C12C327FA300546C13 /* FirebaseStorage */ = {
			isa = XCSwiftPackageProductDependency;
			package = D6FCD34B2C3145BE00DF26A4 /* XCRemoteSwiftPackageReference "firebase-ios-sdk" */;
			productName = FirebaseStorage;
		};
		D6FCD34C2C3145BE00DF26A4 /* FirebaseAnalytics */ = {
			isa = XCSwiftPackageProductDependency;
			package = D6FCD34B2C3145BE00DF26A4 /* XCRemoteSwiftPackageReference "firebase-ios-sdk" */;
			productName = FirebaseAnalytics;
		};
/* End XCSwiftPackageProductDependency section */

/* Begin XCVersionGroup section */
		D6D5F57D2C2E959F00B89441 /* AirIndiaHangar.xcdatamodeld */ = {
			isa = XCVersionGroup;
			children = (
				D6D5F57E2C2E959F00B89441 /* AirIndiaHangar.xcdatamodel */,
			);
			currentVersion = D6D5F57E2C2E959F00B89441 /* AirIndiaHangar.xcdatamodel */;
			path = AirIndiaHangar.xcdatamodeld;
			sourceTree = "<group>";
			versionGroupType = wrapper.xcdatamodel;
		};
/* End XCVersionGroup section */
	};
	rootObject = D6D5F5692C2E959F00B89441 /* Project object */;
}
